// !$*UTF8*$!
{
	archiveVersion = 1;
	classes = {
	};
	objectVersion = 46;
	objects = {

/* Begin PBXBuildFile section */
		121353711EF7EA3100A72CFD /* ContactPerson.swift in Sources */ = {isa = PBXBuildFile; fileRef = 121353701EF7EA3100A72CFD /* ContactPerson.swift */; };
		121353731EF7EB6000A72CFD /* Properties.swift in Sources */ = {isa = PBXBuildFile; fileRef = 121353721EF7EB6000A72CFD /* Properties.swift */; };
		121353751EF7EBC700A72CFD /* Reachability.swift in Sources */ = {isa = PBXBuildFile; fileRef = 121353741EF7EBC700A72CFD /* Reachability.swift */; };
		121353771EF7ECAF00A72CFD /* Functions.swift in Sources */ = {isa = PBXBuildFile; fileRef = 121353761EF7ECAF00A72CFD /* Functions.swift */; };
		121353791EF7F5AE00A72CFD /* WebResponse.swift in Sources */ = {isa = PBXBuildFile; fileRef = 121353781EF7F5AE00A72CFD /* WebResponse.swift */; };
		123B471F1EF6196C0065619D /* AppDelegate.swift in Sources */ = {isa = PBXBuildFile; fileRef = 123B471E1EF6196C0065619D /* AppDelegate.swift */; };
		123B47241EF6196C0065619D /* Main.storyboard in Resources */ = {isa = PBXBuildFile; fileRef = 123B47221EF6196C0065619D /* Main.storyboard */; };
		123B47261EF6196C0065619D /* Assets.xcassets in Resources */ = {isa = PBXBuildFile; fileRef = 123B47251EF6196C0065619D /* Assets.xcassets */; };
		123B47291EF6196C0065619D /* LaunchScreen.storyboard in Resources */ = {isa = PBXBuildFile; fileRef = 123B47271EF6196C0065619D /* LaunchScreen.storyboard */; };
		123B47341EF6196D0065619D /* UpraxisTests.swift in Sources */ = {isa = PBXBuildFile; fileRef = 123B47331EF6196D0065619D /* UpraxisTests.swift */; };
		123B473F1EF6196D0065619D /* UpraxisUITests.swift in Sources */ = {isa = PBXBuildFile; fileRef = 123B473E1EF6196D0065619D /* UpraxisUITests.swift */; };
		123B47531EF61A570065619D /* PersonDetailViewController.swift in Sources */ = {isa = PBXBuildFile; fileRef = 123B47521EF61A570065619D /* PersonDetailViewController.swift */; };
		123B47551EF61A680065619D /* Person.swift in Sources */ = {isa = PBXBuildFile; fileRef = 123B47541EF61A680065619D /* Person.swift */; };
		123B47571EF61C2F0065619D /* PersonListTableViewController.swift in Sources */ = {isa = PBXBuildFile; fileRef = 123B47561EF61C2F0065619D /* PersonListTableViewController.swift */; };
		303DCF7B020724F48B5D6D0E /* Pods_Upraxis.framework in Frameworks */ = {isa = PBXBuildFile; fileRef = 4D091E6ECBCEF60B5BA692D5 /* Pods_Upraxis.framework */; };
		635C9136A4A91742E8281F06 /* Pods_UpraxisUITests.framework in Frameworks */ = {isa = PBXBuildFile; fileRef = D8661FB158403CD605C51FD9 /* Pods_UpraxisUITests.framework */; };
		E12C74BBD8EC53F4436B8816 /* Pods_UpraxisTests.framework in Frameworks */ = {isa = PBXBuildFile; fileRef = 3EC191FAFE1C8344B7C3B113 /* Pods_UpraxisTests.framework */; };
/* End PBXBuildFile section */

/* Begin PBXContainerItemProxy section */
		123B47301EF6196D0065619D /* PBXContainerItemProxy */ = {
			isa = PBXContainerItemProxy;
			containerPortal = 123B47131EF6196C0065619D /* Project object */;
			proxyType = 1;
			remoteGlobalIDString = 123B471A1EF6196C0065619D;
			remoteInfo = Upraxis;
		};
		123B473B1EF6196D0065619D /* PBXContainerItemProxy */ = {
			isa = PBXContainerItemProxy;
			containerPortal = 123B47131EF6196C0065619D /* Project object */;
			proxyType = 1;
			remoteGlobalIDString = 123B471A1EF6196C0065619D;
			remoteInfo = Upraxis;
		};
/* End PBXContainerItemProxy section */

/* Begin PBXFileReference section */
		0593C204A7D676D9B7BF3250 /* Pods-UpraxisTests.release.xcconfig */ = {isa = PBXFileReference; includeInIndex = 1; lastKnownFileType = text.xcconfig; name = "Pods-UpraxisTests.release.xcconfig"; path = "Pods/Target Support Files/Pods-UpraxisTests/Pods-UpraxisTests.release.xcconfig"; sourceTree = "<group>"; };
		121353701EF7EA3100A72CFD /* ContactPerson.swift */ = {isa = PBXFileReference; fileEncoding = 4; lastKnownFileType = sourcecode.swift; name = ContactPerson.swift; path = Model/ContactPerson.swift; sourceTree = "<group>"; };
		121353721EF7EB6000A72CFD /* Properties.swift */ = {isa = PBXFileReference; fileEncoding = 4; lastKnownFileType = sourcecode.swift; name = Properties.swift; path = Helper/Properties.swift; sourceTree = "<group>"; };
		121353741EF7EBC700A72CFD /* Reachability.swift */ = {isa = PBXFileReference; fileEncoding = 4; lastKnownFileType = sourcecode.swift; name = Reachability.swift; path = Helper/Reachability.swift; sourceTree = "<group>"; };
		121353761EF7ECAF00A72CFD /* Functions.swift */ = {isa = PBXFileReference; fileEncoding = 4; lastKnownFileType = sourcecode.swift; name = Functions.swift; path = Helper/Functions.swift; sourceTree = "<group>"; };
		121353781EF7F5AE00A72CFD /* WebResponse.swift */ = {isa = PBXFileReference; fileEncoding = 4; lastKnownFileType = sourcecode.swift; name = WebResponse.swift; path = Model/WebResponse.swift; sourceTree = "<group>"; };
		123B471B1EF6196C0065619D /* Upraxis.app */ = {isa = PBXFileReference; explicitFileType = wrapper.application; includeInIndex = 0; path = Upraxis.app; sourceTree = BUILT_PRODUCTS_DIR; };
		123B471E1EF6196C0065619D /* AppDelegate.swift */ = {isa = PBXFileReference; lastKnownFileType = sourcecode.swift; path = AppDelegate.swift; sourceTree = "<group>"; };
		123B47231EF6196C0065619D /* Base */ = {isa = PBXFileReference; lastKnownFileType = file.storyboard; name = Base; path = Base.lproj/Main.storyboard; sourceTree = "<group>"; };
		123B47251EF6196C0065619D /* Assets.xcassets */ = {isa = PBXFileReference; lastKnownFileType = folder.assetcatalog; path = Assets.xcassets; sourceTree = "<group>"; };
		123B47281EF6196C0065619D /* Base */ = {isa = PBXFileReference; lastKnownFileType = file.storyboard; name = Base; path = Base.lproj/LaunchScreen.storyboard; sourceTree = "<group>"; };
		123B472A1EF6196C0065619D /* Info.plist */ = {isa = PBXFileReference; lastKnownFileType = text.plist.xml; path = Info.plist; sourceTree = "<group>"; };
		123B472F1EF6196D0065619D /* UpraxisTests.xctest */ = {isa = PBXFileReference; explicitFileType = wrapper.cfbundle; includeInIndex = 0; path = UpraxisTests.xctest; sourceTree = BUILT_PRODUCTS_DIR; };
		123B47331EF6196D0065619D /* UpraxisTests.swift */ = {isa = PBXFileReference; lastKnownFileType = sourcecode.swift; path = UpraxisTests.swift; sourceTree = "<group>"; };
		123B47351EF6196D0065619D /* Info.plist */ = {isa = PBXFileReference; lastKnownFileType = text.plist.xml; path = Info.plist; sourceTree = "<group>"; };
		123B473A1EF6196D0065619D /* UpraxisUITests.xctest */ = {isa = PBXFileReference; explicitFileType = wrapper.cfbundle; includeInIndex = 0; path = UpraxisUITests.xctest; sourceTree = BUILT_PRODUCTS_DIR; };
		123B473E1EF6196D0065619D /* UpraxisUITests.swift */ = {isa = PBXFileReference; lastKnownFileType = sourcecode.swift; path = UpraxisUITests.swift; sourceTree = "<group>"; };
		123B47401EF6196D0065619D /* Info.plist */ = {isa = PBXFileReference; lastKnownFileType = text.plist.xml; path = Info.plist; sourceTree = "<group>"; };
		123B47521EF61A570065619D /* PersonDetailViewController.swift */ = {isa = PBXFileReference; fileEncoding = 4; lastKnownFileType = sourcecode.swift; name = PersonDetailViewController.swift; path = Controller/PersonDetailViewController.swift; sourceTree = "<group>"; };
		123B47541EF61A680065619D /* Person.swift */ = {isa = PBXFileReference; fileEncoding = 4; lastKnownFileType = sourcecode.swift; name = Person.swift; path = Model/Person.swift; sourceTree = "<group>"; };
		123B47561EF61C2F0065619D /* PersonListTableViewController.swift */ = {isa = PBXFileReference; fileEncoding = 4; lastKnownFileType = sourcecode.swift; name = PersonListTableViewController.swift; path = Controller/PersonListTableViewController.swift; sourceTree = "<group>"; };
		273265225BF03AB59DE59274 /* Pods-UpraxisUITests.release.xcconfig */ = {isa = PBXFileReference; includeInIndex = 1; lastKnownFileType = text.xcconfig; name = "Pods-UpraxisUITests.release.xcconfig"; path = "Pods/Target Support Files/Pods-UpraxisUITests/Pods-UpraxisUITests.release.xcconfig"; sourceTree = "<group>"; };
		3EC191FAFE1C8344B7C3B113 /* Pods_UpraxisTests.framework */ = {isa = PBXFileReference; explicitFileType = wrapper.framework; includeInIndex = 0; path = Pods_UpraxisTests.framework; sourceTree = BUILT_PRODUCTS_DIR; };
		4D091E6ECBCEF60B5BA692D5 /* Pods_Upraxis.framework */ = {isa = PBXFileReference; explicitFileType = wrapper.framework; includeInIndex = 0; path = Pods_Upraxis.framework; sourceTree = BUILT_PRODUCTS_DIR; };
		6EA5FEFD50AE124F5E0187BE /* Pods-UpraxisUITests.debug.xcconfig */ = {isa = PBXFileReference; includeInIndex = 1; lastKnownFileType = text.xcconfig; name = "Pods-UpraxisUITests.debug.xcconfig"; path = "Pods/Target Support Files/Pods-UpraxisUITests/Pods-UpraxisUITests.debug.xcconfig"; sourceTree = "<group>"; };
		7C9DEF5D88187B8CDA0AB9FA /* Pods-UpraxisTests.debug.xcconfig */ = {isa = PBXFileReference; includeInIndex = 1; lastKnownFileType = text.xcconfig; name = "Pods-UpraxisTests.debug.xcconfig"; path = "Pods/Target Support Files/Pods-UpraxisTests/Pods-UpraxisTests.debug.xcconfig"; sourceTree = "<group>"; };
		9CE1D941BCCE8DD98B5AF775 /* Pods-Upraxis.debug.xcconfig */ = {isa = PBXFileReference; includeInIndex = 1; lastKnownFileType = text.xcconfig; name = "Pods-Upraxis.debug.xcconfig"; path = "Pods/Target Support Files/Pods-Upraxis/Pods-Upraxis.debug.xcconfig"; sourceTree = "<group>"; };
		AD9B593998808CE4B6F07432 /* Pods-Upraxis.release.xcconfig */ = {isa = PBXFileReference; includeInIndex = 1; lastKnownFileType = text.xcconfig; name = "Pods-Upraxis.release.xcconfig"; path = "Pods/Target Support Files/Pods-Upraxis/Pods-Upraxis.release.xcconfig"; sourceTree = "<group>"; };
		D8661FB158403CD605C51FD9 /* Pods_UpraxisUITests.framework */ = {isa = PBXFileReference; explicitFileType = wrapper.framework; includeInIndex = 0; path = Pods_UpraxisUITests.framework; sourceTree = BUILT_PRODUCTS_DIR; };
/* End PBXFileReference section */

/* Begin PBXFrameworksBuildPhase section */
		123B47181EF6196C0065619D /* Frameworks */ = {
			isa = PBXFrameworksBuildPhase;
			buildActionMask = 2147483647;
			files = (
				303DCF7B020724F48B5D6D0E /* Pods_Upraxis.framework in Frameworks */,
			);
			runOnlyForDeploymentPostprocessing = 0;
		};
		123B472C1EF6196D0065619D /* Frameworks */ = {
			isa = PBXFrameworksBuildPhase;
			buildActionMask = 2147483647;
			files = (
				E12C74BBD8EC53F4436B8816 /* Pods_UpraxisTests.framework in Frameworks */,
			);
			runOnlyForDeploymentPostprocessing = 0;
		};
		123B47371EF6196D0065619D /* Frameworks */ = {
			isa = PBXFrameworksBuildPhase;
			buildActionMask = 2147483647;
			files = (
				635C9136A4A91742E8281F06 /* Pods_UpraxisUITests.framework in Frameworks */,
			);
			runOnlyForDeploymentPostprocessing = 0;
		};
/* End PBXFrameworksBuildPhase section */

/* Begin PBXGroup section */
		123B47121EF6196C0065619D = {
			isa = PBXGroup;
			children = (
				123B471D1EF6196C0065619D /* Upraxis */,
				123B47321EF6196D0065619D /* UpraxisTests */,
				123B473D1EF6196D0065619D /* UpraxisUITests */,
				123B471C1EF6196C0065619D /* Products */,
				B2C41C5AF27FC78FE7406D18 /* Pods */,
				504F52116684A11731552503 /* Frameworks */,
			);
			sourceTree = "<group>";
		};
		123B471C1EF6196C0065619D /* Products */ = {
			isa = PBXGroup;
			children = (
				123B471B1EF6196C0065619D /* Upraxis.app */,
				123B472F1EF6196D0065619D /* UpraxisTests.xctest */,
				123B473A1EF6196D0065619D /* UpraxisUITests.xctest */,
			);
			name = Products;
			sourceTree = "<group>";
		};
		123B471D1EF6196C0065619D /* Upraxis */ = {
			isa = PBXGroup;
			children = (
				123B474F1EF61A070065619D /* Helper */,
				123B474E1EF61A000065619D /* Model */,
				123B474D1EF619EC0065619D /* Controller */,
				123B474C1EF619DB0065619D /* View */,
				123B471E1EF6196C0065619D /* AppDelegate.swift */,
				123B47251EF6196C0065619D /* Assets.xcassets */,
				123B472A1EF6196C0065619D /* Info.plist */,
			);
			path = Upraxis;
			sourceTree = "<group>";
		};
		123B47321EF6196D0065619D /* UpraxisTests */ = {
			isa = PBXGroup;
			children = (
				123B47331EF6196D0065619D /* UpraxisTests.swift */,
				123B47351EF6196D0065619D /* Info.plist */,
			);
			path = UpraxisTests;
			sourceTree = "<group>";
		};
		123B473D1EF6196D0065619D /* UpraxisUITests */ = {
			isa = PBXGroup;
			children = (
				123B473E1EF6196D0065619D /* UpraxisUITests.swift */,
				123B47401EF6196D0065619D /* Info.plist */,
			);
			path = UpraxisUITests;
			sourceTree = "<group>";
		};
		123B474C1EF619DB0065619D /* View */ = {
			isa = PBXGroup;
			children = (
				123B47271EF6196C0065619D /* LaunchScreen.storyboard */,
				123B47221EF6196C0065619D /* Main.storyboard */,
			);
			name = View;
			sourceTree = "<group>";
		};
		123B474D1EF619EC0065619D /* Controller */ = {
			isa = PBXGroup;
			children = (
				123B47521EF61A570065619D /* PersonDetailViewController.swift */,
				123B47561EF61C2F0065619D /* PersonListTableViewController.swift */,
			);
			name = Controller;
			sourceTree = "<group>";
		};
		123B474E1EF61A000065619D /* Model */ = {
			isa = PBXGroup;
			children = (
				123B47541EF61A680065619D /* Person.swift */,
				121353701EF7EA3100A72CFD /* ContactPerson.swift */,
				121353781EF7F5AE00A72CFD /* WebResponse.swift */,
			);
			name = Model;
			sourceTree = "<group>";
		};
		123B474F1EF61A070065619D /* Helper */ = {
			isa = PBXGroup;
			children = (
				121353721EF7EB6000A72CFD /* Properties.swift */,
				121353741EF7EBC700A72CFD /* Reachability.swift */,
				121353761EF7ECAF00A72CFD /* Functions.swift */,
			);
			name = Helper;
			sourceTree = "<group>";
		};
		504F52116684A11731552503 /* Frameworks */ = {
			isa = PBXGroup;
			children = (
				4D091E6ECBCEF60B5BA692D5 /* Pods_Upraxis.framework */,
				3EC191FAFE1C8344B7C3B113 /* Pods_UpraxisTests.framework */,
				D8661FB158403CD605C51FD9 /* Pods_UpraxisUITests.framework */,
			);
			name = Frameworks;
			sourceTree = "<group>";
		};
		B2C41C5AF27FC78FE7406D18 /* Pods */ = {
			isa = PBXGroup;
			children = (
				9CE1D941BCCE8DD98B5AF775 /* Pods-Upraxis.debug.xcconfig */,
				AD9B593998808CE4B6F07432 /* Pods-Upraxis.release.xcconfig */,
				7C9DEF5D88187B8CDA0AB9FA /* Pods-UpraxisTests.debug.xcconfig */,
				0593C204A7D676D9B7BF3250 /* Pods-UpraxisTests.release.xcconfig */,
				6EA5FEFD50AE124F5E0187BE /* Pods-UpraxisUITests.debug.xcconfig */,
				273265225BF03AB59DE59274 /* Pods-UpraxisUITests.release.xcconfig */,
			);
			name = Pods;
			sourceTree = "<group>";
		};
/* End PBXGroup section */

/* Begin PBXNativeTarget section */
		123B471A1EF6196C0065619D /* Upraxis */ = {
			isa = PBXNativeTarget;
			buildConfigurationList = 123B47431EF6196D0065619D /* Build configuration list for PBXNativeTarget "Upraxis" */;
			buildPhases = (
				17996818B0DEB0B43E0555A5 /* [CP] Check Pods Manifest.lock */,
				123B47171EF6196C0065619D /* Sources */,
				123B47181EF6196C0065619D /* Frameworks */,
				123B47191EF6196C0065619D /* Resources */,
				E09AE53ECE0C8CFC7A8F67A2 /* [CP] Embed Pods Frameworks */,
				FA9668B6A994C11BBC0ABB8F /* [CP] Copy Pods Resources */,
			);
			buildRules = (
			);
			dependencies = (
			);
			name = Upraxis;
			productName = Upraxis;
			productReference = 123B471B1EF6196C0065619D /* Upraxis.app */;
			productType = "com.apple.product-type.application";
		};
		123B472E1EF6196D0065619D /* UpraxisTests */ = {
			isa = PBXNativeTarget;
			buildConfigurationList = 123B47461EF6196D0065619D /* Build configuration list for PBXNativeTarget "UpraxisTests" */;
			buildPhases = (
				7C58F0EFAD4B66BBC2CB16F5 /* [CP] Check Pods Manifest.lock */,
				123B472B1EF6196D0065619D /* Sources */,
				123B472C1EF6196D0065619D /* Frameworks */,
				123B472D1EF6196D0065619D /* Resources */,
				0089CD4625D59457A465B1CD /* [CP] Embed Pods Frameworks */,
				E52987507268684D04797F82 /* [CP] Copy Pods Resources */,
			);
			buildRules = (
			);
			dependencies = (
				123B47311EF6196D0065619D /* PBXTargetDependency */,
			);
			name = UpraxisTests;
			productName = UpraxisTests;
			productReference = 123B472F1EF6196D0065619D /* UpraxisTests.xctest */;
			productType = "com.apple.product-type.bundle.unit-test";
		};
		123B47391EF6196D0065619D /* UpraxisUITests */ = {
			isa = PBXNativeTarget;
			buildConfigurationList = 123B47491EF6196D0065619D /* Build configuration list for PBXNativeTarget "UpraxisUITests" */;
			buildPhases = (
				6E1322D33518C961163ABB7D /* [CP] Check Pods Manifest.lock */,
				123B47361EF6196D0065619D /* Sources */,
				123B47371EF6196D0065619D /* Frameworks */,
				123B47381EF6196D0065619D /* Resources */,
				50C7B88C1C6D3613F7256808 /* [CP] Embed Pods Frameworks */,
				C84B8BC06274F5E3663F340B /* [CP] Copy Pods Resources */,
			);
			buildRules = (
			);
			dependencies = (
				123B473C1EF6196D0065619D /* PBXTargetDependency */,
			);
			name = UpraxisUITests;
			productName = UpraxisUITests;
			productReference = 123B473A1EF6196D0065619D /* UpraxisUITests.xctest */;
			productType = "com.apple.product-type.bundle.ui-testing";
		};
/* End PBXNativeTarget section */

/* Begin PBXProject section */
		123B47131EF6196C0065619D /* Project object */ = {
			isa = PBXProject;
			attributes = {
				LastSwiftUpdateCheck = 0830;
				LastUpgradeCheck = 0830;
				ORGANIZATIONNAME = franz.deguzman;
				TargetAttributes = {
					123B471A1EF6196C0065619D = {
						CreatedOnToolsVersion = 8.3.2;
						DevelopmentTeam = U73FA2FFT8;
						ProvisioningStyle = Automatic;
					};
					123B472E1EF6196D0065619D = {
						CreatedOnToolsVersion = 8.3.2;
						ProvisioningStyle = Automatic;
						TestTargetID = 123B471A1EF6196C0065619D;
					};
					123B47391EF6196D0065619D = {
						CreatedOnToolsVersion = 8.3.2;
						ProvisioningStyle = Automatic;
						TestTargetID = 123B471A1EF6196C0065619D;
					};
				};
			};
			buildConfigurationList = 123B47161EF6196C0065619D /* Build configuration list for PBXProject "Upraxis" */;
			compatibilityVersion = "Xcode 3.2";
			developmentRegion = English;
			hasScannedForEncodings = 0;
			knownRegions = (
				en,
				Base,
			);
			mainGroup = 123B47121EF6196C0065619D;
			productRefGroup = 123B471C1EF6196C0065619D /* Products */;
			projectDirPath = "";
			projectRoot = "";
			targets = (
				123B471A1EF6196C0065619D /* Upraxis */,
				123B472E1EF6196D0065619D /* UpraxisTests */,
				123B47391EF6196D0065619D /* UpraxisUITests */,
			);
		};
/* End PBXProject section */

/* Begin PBXResourcesBuildPhase section */
		123B47191EF6196C0065619D /* Resources */ = {
			isa = PBXResourcesBuildPhase;
			buildActionMask = 2147483647;
			files = (
				123B47291EF6196C0065619D /* LaunchScreen.storyboard in Resources */,
				123B47261EF6196C0065619D /* Assets.xcassets in Resources */,
				123B47241EF6196C0065619D /* Main.storyboard in Resources */,
			);
			runOnlyForDeploymentPostprocessing = 0;
		};
		123B472D1EF6196D0065619D /* Resources */ = {
			isa = PBXResourcesBuildPhase;
			buildActionMask = 2147483647;
			files = (
			);
			runOnlyForDeploymentPostprocessing = 0;
		};
		123B47381EF6196D0065619D /* Resources */ = {
			isa = PBXResourcesBuildPhase;
			buildActionMask = 2147483647;
			files = (
			);
			runOnlyForDeploymentPostprocessing = 0;
		};
/* End PBXResourcesBuildPhase section */

/* Begin PBXShellScriptBuildPhase section */
		0089CD4625D59457A465B1CD /* [CP] Embed Pods Frameworks */ = {
			isa = PBXShellScriptBuildPhase;
			buildActionMask = 2147483647;
			files = (
			);
			inputPaths = (
			);
			name = "[CP] Embed Pods Frameworks";
			outputPaths = (
			);
			runOnlyForDeploymentPostprocessing = 0;
			shellPath = /bin/sh;
			shellScript = "\"${SRCROOT}/Pods/Target Support Files/Pods-UpraxisTests/Pods-UpraxisTests-frameworks.sh\"\n";
			showEnvVarsInLog = 0;
		};
		17996818B0DEB0B43E0555A5 /* [CP] Check Pods Manifest.lock */ = {
			isa = PBXShellScriptBuildPhase;
			buildActionMask = 2147483647;
			files = (
			);
			inputPaths = (
			);
			name = "[CP] Check Pods Manifest.lock";
			outputPaths = (
			);
			runOnlyForDeploymentPostprocessing = 0;
			shellPath = /bin/sh;
			shellScript = "diff \"${PODS_ROOT}/../Podfile.lock\" \"${PODS_ROOT}/Manifest.lock\" > /dev/null\nif [ $? != 0 ] ; then\n    # print error to STDERR\n    echo \"error: The sandbox is not in sync with the Podfile.lock. Run 'pod install' or update your CocoaPods installation.\" >&2\n    exit 1\nfi\n";
			showEnvVarsInLog = 0;
		};
		50C7B88C1C6D3613F7256808 /* [CP] Embed Pods Frameworks */ = {
			isa = PBXShellScriptBuildPhase;
			buildActionMask = 2147483647;
			files = (
			);
			inputPaths = (
			);
			name = "[CP] Embed Pods Frameworks";
			outputPaths = (
			);
			runOnlyForDeploymentPostprocessing = 0;
			shellPath = /bin/sh;
			shellScript = "\"${SRCROOT}/Pods/Target Support Files/Pods-UpraxisUITests/Pods-UpraxisUITests-frameworks.sh\"\n";
			showEnvVarsInLog = 0;
		};
		6E1322D33518C961163ABB7D /* [CP] Check Pods Manifest.lock */ = {
			isa = PBXShellScriptBuildPhase;
			buildActionMask = 2147483647;
			files = (
			);
			inputPaths = (
			);
			name = "[CP] Check Pods Manifest.lock";
			outputPaths = (
			);
			runOnlyForDeploymentPostprocessing = 0;
			shellPath = /bin/sh;
			shellScript = "diff \"${PODS_ROOT}/../Podfile.lock\" \"${PODS_ROOT}/Manifest.lock\" > /dev/null\nif [ $? != 0 ] ; then\n    # print error to STDERR\n    echo \"error: The sandbox is not in sync with the Podfile.lock. Run 'pod install' or update your CocoaPods installation.\" >&2\n    exit 1\nfi\n";
			showEnvVarsInLog = 0;
		};
		7C58F0EFAD4B66BBC2CB16F5 /* [CP] Check Pods Manifest.lock */ = {
			isa = PBXShellScriptBuildPhase;
			buildActionMask = 2147483647;
			files = (
			);
			inputPaths = (
			);
			name = "[CP] Check Pods Manifest.lock";
			outputPaths = (
			);
			runOnlyForDeploymentPostprocessing = 0;
			shellPath = /bin/sh;
			shellScript = "diff \"${PODS_ROOT}/../Podfile.lock\" \"${PODS_ROOT}/Manifest.lock\" > /dev/null\nif [ $? != 0 ] ; then\n    # print error to STDERR\n    echo \"error: The sandbox is not in sync with the Podfile.lock. Run 'pod install' or update your CocoaPods installation.\" >&2\n    exit 1\nfi\n";
			showEnvVarsInLog = 0;
		};
		C84B8BC06274F5E3663F340B /* [CP] Copy Pods Resources */ = {
			isa = PBXShellScriptBuildPhase;
			buildActionMask = 2147483647;
			files = (
			);
			inputPaths = (
			);
			name = "[CP] Copy Pods Resources";
			outputPaths = (
			);
			runOnlyForDeploymentPostprocessing = 0;
			shellPath = /bin/sh;
			shellScript = "\"${SRCROOT}/Pods/Target Support Files/Pods-UpraxisUITests/Pods-UpraxisUITests-resources.sh\"\n";
			showEnvVarsInLog = 0;
		};
		E09AE53ECE0C8CFC7A8F67A2 /* [CP] Embed Pods Frameworks */ = {
			isa = PBXShellScriptBuildPhase;
			buildActionMask = 2147483647;
			files = (
			);
			inputPaths = (
			);
			name = "[CP] Embed Pods Frameworks";
			outputPaths = (
			);
			runOnlyForDeploymentPostprocessing = 0;
			shellPath = /bin/sh;
			shellScript = "\"${SRCROOT}/Pods/Target Support Files/Pods-Upraxis/Pods-Upraxis-frameworks.sh\"\n";
			showEnvVarsInLog = 0;
		};
		E52987507268684D04797F82 /* [CP] Copy Pods Resources */ = {
			isa = PBXShellScriptBuildPhase;
			buildActionMask = 2147483647;
			files = (
			);
			inputPaths = (
			);
			name = "[CP] Copy Pods Resources";
			outputPaths = (
			);
			runOnlyForDeploymentPostprocessing = 0;
			shellPath = /bin/sh;
			shellScript = "\"${SRCROOT}/Pods/Target Support Files/Pods-UpraxisTests/Pods-UpraxisTests-resources.sh\"\n";
			showEnvVarsInLog = 0;
		};
		FA9668B6A994C11BBC0ABB8F /* [CP] Copy Pods Resources */ = {
			isa = PBXShellScriptBuildPhase;
			buildActionMask = 2147483647;
			files = (
			);
			inputPaths = (
			);
			name = "[CP] Copy Pods Resources";
			outputPaths = (
			);
			runOnlyForDeploymentPostprocessing = 0;
			shellPath = /bin/sh;
			shellScript = "\"${SRCROOT}/Pods/Target Support Files/Pods-Upraxis/Pods-Upraxis-resources.sh\"\n";
			showEnvVarsInLog = 0;
		};
/* End PBXShellScriptBuildPhase section */

/* Begin PBXSourcesBuildPhase section */
		123B47171EF6196C0065619D /* Sources */ = {
			isa = PBXSourcesBuildPhase;
			buildActionMask = 2147483647;
			files = (
				121353751EF7EBC700A72CFD /* Reachability.swift in Sources */,
				121353791EF7F5AE00A72CFD /* WebResponse.swift in Sources */,
				121353731EF7EB6000A72CFD /* Properties.swift in Sources */,
				123B47571EF61C2F0065619D /* PersonListTableViewController.swift in Sources */,
				121353771EF7ECAF00A72CFD /* Functions.swift in Sources */,
				123B471F1EF6196C0065619D /* AppDelegate.swift in Sources */,
				123B47551EF61A680065619D /* Person.swift in Sources */,
				123B47531EF61A570065619D /* PersonDetailViewController.swift in Sources */,
				121353711EF7EA3100A72CFD /* ContactPerson.swift in Sources */,
			);
			runOnlyForDeploymentPostprocessing = 0;
		};
		123B472B1EF6196D0065619D /* Sources */ = {
			isa = PBXSourcesBuildPhase;
			buildActionMask = 2147483647;
			files = (
				123B47341EF6196D0065619D /* UpraxisTests.swift in Sources */,
			);
			runOnlyForDeploymentPostprocessing = 0;
		};
		123B47361EF6196D0065619D /* Sources */ = {
			isa = PBXSourcesBuildPhase;
			buildActionMask = 2147483647;
			files = (
				123B473F1EF6196D0065619D /* UpraxisUITests.swift in Sources */,
			);
			runOnlyForDeploymentPostprocessing = 0;
		};
/* End PBXSourcesBuildPhase section */

/* Begin PBXTargetDependency section */
		123B47311EF6196D0065619D /* PBXTargetDependency */ = {
			isa = PBXTargetDependency;
			target = 123B471A1EF6196C0065619D /* Upraxis */;
			targetProxy = 123B47301EF6196D0065619D /* PBXContainerItemProxy */;
		};
		123B473C1EF6196D0065619D /* PBXTargetDependency */ = {
			isa = PBXTargetDependency;
			target = 123B471A1EF6196C0065619D /* Upraxis */;
			targetProxy = 123B473B1EF6196D0065619D /* PBXContainerItemProxy */;
		};
/* End PBXTargetDependency section */

/* Begin PBXVariantGroup section */
		123B47221EF6196C0065619D /* Main.storyboard */ = {
			isa = PBXVariantGroup;
			children = (
				123B47231EF6196C0065619D /* Base */,
			);
			name = Main.storyboard;
			sourceTree = "<group>";
		};
		123B47271EF6196C0065619D /* LaunchScreen.storyboard */ = {
			isa = PBXVariantGroup;
			children = (
				123B47281EF6196C0065619D /* Base */,
			);
			name = LaunchScreen.storyboard;
			sourceTree = "<group>";
		};
/* End PBXVariantGroup section */

/* Begin XCBuildConfiguration section */
		123B47411EF6196D0065619D /* Debug */ = {
			isa = XCBuildConfiguration;
			buildSettings = {
				ALWAYS_SEARCH_USER_PATHS = NO;
				CLANG_ANALYZER_NONNULL = YES;
				CLANG_ANALYZER_NUMBER_OBJECT_CONVERSION = YES_AGGRESSIVE;
				CLANG_CXX_LANGUAGE_STANDARD = "gnu++0x";
				CLANG_CXX_LIBRARY = "libc++";
				CLANG_ENABLE_MODULES = YES;
				CLANG_ENABLE_OBJC_ARC = YES;
				CLANG_WARN_BOOL_CONVERSION = YES;
				CLANG_WARN_CONSTANT_CONVERSION = YES;
				CLANG_WARN_DIRECT_OBJC_ISA_USAGE = YES_ERROR;
				CLANG_WARN_DOCUMENTATION_COMMENTS = YES;
				CLANG_WARN_EMPTY_BODY = YES;
				CLANG_WARN_ENUM_CONVERSION = YES;
				CLANG_WARN_INFINITE_RECURSION = YES;
				CLANG_WARN_INT_CONVERSION = YES;
				CLANG_WARN_OBJC_ROOT_CLASS = YES_ERROR;
				CLANG_WARN_SUSPICIOUS_MOVE = YES;
				CLANG_WARN_UNREACHABLE_CODE = YES;
				CLANG_WARN__DUPLICATE_METHOD_MATCH = YES;
				"CODE_SIGN_IDENTITY[sdk=iphoneos*]" = "iPhone Developer";
				COPY_PHASE_STRIP = NO;
				DEBUG_INFORMATION_FORMAT = dwarf;
				ENABLE_STRICT_OBJC_MSGSEND = YES;
				ENABLE_TESTABILITY = YES;
				GCC_C_LANGUAGE_STANDARD = gnu99;
				GCC_DYNAMIC_NO_PIC = NO;
				GCC_NO_COMMON_BLOCKS = YES;
				GCC_OPTIMIZATION_LEVEL = 0;
				GCC_PREPROCESSOR_DEFINITIONS = (
					"DEBUG=1",
					"$(inherited)",
				);
				GCC_WARN_64_TO_32_BIT_CONVERSION = YES;
				GCC_WARN_ABOUT_RETURN_TYPE = YES_ERROR;
				GCC_WARN_UNDECLARED_SELECTOR = YES;
				GCC_WARN_UNINITIALIZED_AUTOS = YES_AGGRESSIVE;
				GCC_WARN_UNUSED_FUNCTION = YES;
				GCC_WARN_UNUSED_VARIABLE = YES;
				IPHONEOS_DEPLOYMENT_TARGET = 10.3;
				MTL_ENABLE_DEBUG_INFO = YES;
				ONLY_ACTIVE_ARCH = YES;
				SDKROOT = iphoneos;
				SWIFT_ACTIVE_COMPILATION_CONDITIONS = DEBUG;
				SWIFT_OPTIMIZATION_LEVEL = "-Onone";
				TARGETED_DEVICE_FAMILY = "1,2";
			};
			name = Debug;
		};
		123B47421EF6196D0065619D /* Release */ = {
			isa = XCBuildConfiguration;
			buildSettings = {
				ALWAYS_SEARCH_USER_PATHS = NO;
				CLANG_ANALYZER_NONNULL = YES;
				CLANG_ANALYZER_NUMBER_OBJECT_CONVERSION = YES_AGGRESSIVE;
				CLANG_CXX_LANGUAGE_STANDARD = "gnu++0x";
				CLANG_CXX_LIBRARY = "libc++";
				CLANG_ENABLE_MODULES = YES;
				CLANG_ENABLE_OBJC_ARC = YES;
				CLANG_WARN_BOOL_CONVERSION = YES;
				CLANG_WARN_CONSTANT_CONVERSION = YES;
				CLANG_WARN_DIRECT_OBJC_ISA_USAGE = YES_ERROR;
				CLANG_WARN_DOCUMENTATION_COMMENTS = YES;
				CLANG_WARN_EMPTY_BODY = YES;
				CLANG_WARN_ENUM_CONVERSION = YES;
				CLANG_WARN_INFINITE_RECURSION = YES;
				CLANG_WARN_INT_CONVERSION = YES;
				CLANG_WARN_OBJC_ROOT_CLASS = YES_ERROR;
				CLANG_WARN_SUSPICIOUS_MOVE = YES;
				CLANG_WARN_UNREACHABLE_CODE = YES;
				CLANG_WARN__DUPLICATE_METHOD_MATCH = YES;
				"CODE_SIGN_IDENTITY[sdk=iphoneos*]" = "iPhone Developer";
				COPY_PHASE_STRIP = NO;
				DEBUG_INFORMATION_FORMAT = "dwarf-with-dsym";
				ENABLE_NS_ASSERTIONS = NO;
				ENABLE_STRICT_OBJC_MSGSEND = YES;
				GCC_C_LANGUAGE_STANDARD = gnu99;
				GCC_NO_COMMON_BLOCKS = YES;
				GCC_WARN_64_TO_32_BIT_CONVERSION = YES;
				GCC_WARN_ABOUT_RETURN_TYPE = YES_ERROR;
				GCC_WARN_UNDECLARED_SELECTOR = YES;
				GCC_WARN_UNINITIALIZED_AUTOS = YES_AGGRESSIVE;
				GCC_WARN_UNUSED_FUNCTION = YES;
				GCC_WARN_UNUSED_VARIABLE = YES;
				IPHONEOS_DEPLOYMENT_TARGET = 10.3;
				MTL_ENABLE_DEBUG_INFO = NO;
				SDKROOT = iphoneos;
				SWIFT_OPTIMIZATION_LEVEL = "-Owholemodule";
				TARGETED_DEVICE_FAMILY = "1,2";
				VALIDATE_PRODUCT = YES;
			};
			name = Release;
		};
		123B47441EF6196D0065619D /* Debug */ = {
			isa = XCBuildConfiguration;
			baseConfigurationReference = 9CE1D941BCCE8DD98B5AF775 /* Pods-Upraxis.debug.xcconfig */;
			buildSettings = {
				ASSETCATALOG_COMPILER_APPICON_NAME = AppIcon;
				DEVELOPMENT_TEAM = U73FA2FFT8;
				INFOPLIST_FILE = Upraxis/Info.plist;
				IPHONEOS_DEPLOYMENT_TARGET = 8.2;
				LD_RUNPATH_SEARCH_PATHS = "$(inherited) @executable_path/Frameworks";
				PRODUCT_BUNDLE_IDENTIFIER = com.upraxismobile.Upraxis;
				PRODUCT_NAME = "$(TARGET_NAME)";
				SWIFT_VERSION = 3.0;
			};
			name = Debug;
		};
		123B47451EF6196D0065619D /* Release */ = {
			isa = XCBuildConfiguration;
			baseConfigurationReference = AD9B593998808CE4B6F07432 /* Pods-Upraxis.release.xcconfig */;
			buildSettings = {
				ASSETCATALOG_COMPILER_APPICON_NAME = AppIcon;
				DEVELOPMENT_TEAM = U73FA2FFT8;
				INFOPLIST_FILE = Upraxis/Info.plist;
				IPHONEOS_DEPLOYMENT_TARGET = 8.2;
				LD_RUNPATH_SEARCH_PATHS = "$(inherited) @executable_path/Frameworks";
				PRODUCT_BUNDLE_IDENTIFIER = com.upraxismobile.Upraxis;
				PRODUCT_NAME = "$(TARGET_NAME)";
				SWIFT_VERSION = 3.0;
			};
			name = Release;
		};
		123B47471EF6196D0065619D /* Debug */ = {
			isa = XCBuildConfiguration;
			baseConfigurationReference = 7C9DEF5D88187B8CDA0AB9FA /* Pods-UpraxisTests.debug.xcconfig */;
			buildSettings = {
				ALWAYS_EMBED_SWIFT_STANDARD_LIBRARIES = YES;
				BUNDLE_LOADER = "$(TEST_HOST)";
				INFOPLIST_FILE = UpraxisTests/Info.plist;
				LD_RUNPATH_SEARCH_PATHS = "$(inherited) @executable_path/Frameworks @loader_path/Frameworks";
				PRODUCT_BUNDLE_IDENTIFIER = com.upraxismobile.UpraxisTests;
				PRODUCT_NAME = "$(TARGET_NAME)";
				SWIFT_VERSION = 3.0;
				TEST_HOST = "$(BUILT_PRODUCTS_DIR)/Upraxis.app/Upraxis";
			};
			name = Debug;
		};
		123B47481EF6196D0065619D /* Release */ = {
			isa = XCBuildConfiguration;
			baseConfigurationReference = 0593C204A7D676D9B7BF3250 /* Pods-UpraxisTests.release.xcconfig */;
			buildSettings = {
				ALWAYS_EMBED_SWIFT_STANDARD_LIBRARIES = YES;
				BUNDLE_LOADER = "$(TEST_HOST)";
				INFOPLIST_FILE = UpraxisTests/Info.plist;
				LD_RUNPATH_SEARCH_PATHS = "$(inherited) @executable_path/Frameworks @loader_path/Frameworks";
				PRODUCT_BUNDLE_IDENTIFIER = com.upraxismobile.UpraxisTests;
				PRODUCT_NAME = "$(TARGET_NAME)";
				SWIFT_VERSION = 3.0;
				TEST_HOST = "$(BUILT_PRODUCTS_DIR)/Upraxis.app/Upraxis";
			};
			name = Release;
		};
		123B474A1EF6196D0065619D /* Debug */ = {
			isa = XCBuildConfiguration;
			baseConfigurationReference = 6EA5FEFD50AE124F5E0187BE /* Pods-UpraxisUITests.debug.xcconfig */;
			buildSettings = {
				ALWAYS_EMBED_SWIFT_STANDARD_LIBRARIES = YES;
				INFOPLIST_FILE = UpraxisUITests/Info.plist;
				LD_RUNPATH_SEARCH_PATHS = "$(inherited) @executable_path/Frameworks @loader_path/Frameworks";
				PRODUCT_BUNDLE_IDENTIFIER = com.upraxismobile.UpraxisUITests;
				PRODUCT_NAME = "$(TARGET_NAME)";
				SWIFT_VERSION = 3.0;
				TEST_TARGET_NAME = Upraxis;
			};
			name = Debug;
		};
		123B474B1EF6196D0065619D /* Release */ = {
			isa = XCBuildConfiguration;
			baseConfigurationReference = 273265225BF03AB59DE59274 /* Pods-UpraxisUITests.release.xcconfig */;
			buildSettings = {
				ALWAYS_EMBED_SWIFT_STANDARD_LIBRARIES = YES;
				INFOPLIST_FILE = UpraxisUITests/Info.plist;
				LD_RUNPATH_SEARCH_PATHS = "$(inherited) @executable_path/Frameworks @loader_path/Frameworks";
				PRODUCT_BUNDLE_IDENTIFIER = com.upraxismobile.UpraxisUITests;
				PRODUCT_NAME = "$(TARGET_NAME)";
				SWIFT_VERSION = 3.0;
				TEST_TARGET_NAME = Upraxis;
			};
			name = Release;
		};
/* End XCBuildConfiguration section */

/* Begin XCConfigurationList section */
		123B47161EF6196C0065619D /* Build configuration list for PBXProject "Upraxis" */ = {
			isa = XCConfigurationList;
			buildConfigurations = (
				123B47411EF6196D0065619D /* Debug */,
				123B47421EF6196D0065619D /* Release */,
			);
			defaultConfigurationIsVisible = 0;
			defaultConfigurationName = Release;
		};
		123B47431EF6196D0065619D /* Build configuration list for PBXNativeTarget "Upraxis" */ = {
			isa = XCConfigurationList;
			buildConfigurations = (
				123B47441EF6196D0065619D /* Debug */,
				123B47451EF6196D0065619D /* Release */,
			);
			defaultConfigurationIsVisible = 0;
			defaultConfigurationName = Release;
		};
		123B47461EF6196D0065619D /* Build configuration list for PBXNativeTarget "UpraxisTests" */ = {
			isa = XCConfigurationList;
			buildConfigurations = (
				123B47471EF6196D0065619D /* Debug */,
				123B47481EF6196D0065619D /* Release */,
			);
			defaultConfigurationIsVisible = 0;
			defaultConfigurationName = Release;
		};
		123B47491EF6196D0065619D /* Build configuration list for PBXNativeTarget "UpraxisUITests" */ = {
			isa = XCConfigurationList;
			buildConfigurations = (
				123B474A1EF6196D0065619D /* Debug */,
				123B474B1EF6196D0065619D /* Release */,
			);
			defaultConfigurationIsVisible = 0;
			defaultConfigurationName = Release;
		};
/* End XCConfigurationList section */
	};
	rootObject = 123B47131EF6196C0065619D /* Project object */;
}
